# THIS IS AN AUTOGENERATED FILE. DO NOT EDIT THIS FILE DIRECTLY.
# yarn lockfile v1


axios@^0.7.0:
  version "0.7.0"
  resolved "https://registry.yarnpkg.com/axios/-/axios-0.7.0.tgz#489c269044d5066dfa2c64c749cb131b176f4a7a"

youtube-api-search@^0.0.5:
  version "0.0.5"
  resolved "https://registry.yarnpkg.com/youtube-api-search/-/youtube-api-search-0.0.5.tgz#9dd686de762ff2504a90288c57fce5a370643002"
  dependencies:
    axios "^0.7.0"
